// !$*UTF8*$!
{
	archiveVersion = 1;
	classes = {
	};
	objectVersion = 46;
	objects = {

/* Begin PBXBuildFile section */
		0E3B3C181E5F6900008471E4 /* qian.cpp in Sources */ = {isa = PBXBuildFile; fileRef = 0E3B3C161E5F6900008471E4 /* qian.cpp */; };
		25A0FFB81E4940F500195591 /* main.cpp in Sources */ = {isa = PBXBuildFile; fileRef = 25A0FFB71E4940F500195591 /* main.cpp */; };
/* End PBXBuildFile section */

/* Begin PBXCopyFilesBuildPhase section */
		25A0FFB21E4940F400195591 /* CopyFiles */ = {
			isa = PBXCopyFilesBuildPhase;
			buildActionMask = 2147483647;
			dstPath = /usr/share/man/man1/;
			dstSubfolderSpec = 0;
			files = (
			);
			runOnlyForDeploymentPostprocessing = 1;
		};
/* End PBXCopyFilesBuildPhase section */

/* Begin PBXFileReference section */
		0E3B3C121E5F6039008471E4 /* InputLoader.h */ = {isa = PBXFileReference; fileEncoding = 4; lastKnownFileType = sourcecode.c.h; path = InputLoader.h; sourceTree = "<group>"; };
		0E3B3C131E5F6039008471E4 /* Output.h */ = {isa = PBXFileReference; fileEncoding = 4; lastKnownFileType = sourcecode.c.h; path = Output.h; sourceTree = "<group>"; };
		0E3B3C141E5F6039008471E4 /* Tools.h */ = {isa = PBXFileReference; fileEncoding = 4; lastKnownFileType = sourcecode.c.h; path = Tools.h; sourceTree = "<group>"; };
		0E3B3C151E5F6900008471E4 /* Algo1.h */ = {isa = PBXFileReference; fileEncoding = 4; lastKnownFileType = sourcecode.c.h; path = Algo1.h; sourceTree = "<group>"; };
		0E3B3C161E5F6900008471E4 /* qian.cpp */ = {isa = PBXFileReference; fileEncoding = 4; lastKnownFileType = sourcecode.cpp.cpp; path = qian.cpp; sourceTree = "<group>"; };
		0E3B3C171E5F6900008471E4 /* Utilities.h */ = {isa = PBXFileReference; fileEncoding = 4; lastKnownFileType = sourcecode.c.h; path = Utilities.h; sourceTree = "<group>"; };
		25A0FFB41E4940F500195591 /* HashCode2017 */ = {isa = PBXFileReference; explicitFileType = "compiled.mach-o.executable"; includeInIndex = 0; path = HashCode2017; sourceTree = BUILT_PRODUCTS_DIR; };
		25A0FFB71E4940F500195591 /* main.cpp */ = {isa = PBXFileReference; lastKnownFileType = sourcecode.cpp.cpp; path = main.cpp; sourceTree = "<group>"; };
/* End PBXFileReference section */

/* Begin PBXFrameworksBuildPhase section */
		25A0FFB11E4940F400195591 /* Frameworks */ = {
			isa = PBXFrameworksBuildPhase;
			buildActionMask = 2147483647;
			files = (
			);
			runOnlyForDeploymentPostprocessing = 0;
		};
/* End PBXFrameworksBuildPhase section */

/* Begin PBXGroup section */
		25A0FFAB1E4940F400195591 = {
			isa = PBXGroup;
			children = (
				25A0FFB61E4940F500195591 /* HashCode2017 */,
				25A0FFB51E4940F500195591 /* Products */,
			);
			sourceTree = "<group>";
		};
		25A0FFB51E4940F500195591 /* Products */ = {
			isa = PBXGroup;
			children = (
				25A0FFB41E4940F500195591 /* HashCode2017 */,
			);
			name = Products;
			sourceTree = "<group>";
		};
		25A0FFB61E4940F500195591 /* HashCode2017 */ = {
			isa = PBXGroup;
			children = (
				0E3B3C151E5F6900008471E4 /* Algo1.h */,
				0E3B3C161E5F6900008471E4 /* qian.cpp */,
				0E3B3C171E5F6900008471E4 /* Utilities.h */,
				0E3B3C121E5F6039008471E4 /* InputLoader.h */,
				0E3B3C131E5F6039008471E4 /* Output.h */,
				0E3B3C141E5F6039008471E4 /* Tools.h */,
				25A0FFB71E4940F500195591 /* main.cpp */,
			);
			path = HashCode2017;
			sourceTree = "<group>";
		};
/* End PBXGroup section */

/* Begin PBXNativeTarget section */
		25A0FFB31E4940F400195591 /* HashCode2017 */ = {
			isa = PBXNativeTarget;
			buildConfigurationList = 25A0FFBB1E4940F500195591 /* Build configuration list for PBXNativeTarget "HashCode2017" */;
			buildPhases = (
				25A0FFB01E4940F400195591 /* Sources */,
				25A0FFB11E4940F400195591 /* Frameworks */,
				25A0FFB21E4940F400195591 /* CopyFiles */,
			);
			buildRules = (
			);
			dependencies = (
			);
			name = HashCode2017;
			productName = HashCode2017;
			productReference = 25A0FFB41E4940F500195591 /* HashCode2017 */;
			productType = "com.apple.product-type.tool";
		};
/* End PBXNativeTarget section */

/* Begin PBXProject section */
		25A0FFAC1E4940F400195591 /* Project object */ = {
			isa = PBXProject;
			attributes = {
				LastUpgradeCheck = 0730;
				ORGANIZATIONNAME = "Liang LIU";
				TargetAttributes = {
					25A0FFB31E4940F400195591 = {
						CreatedOnToolsVersion = 7.3.1;
					};
				};
			};
			buildConfigurationList = 25A0FFAF1E4940F400195591 /* Build configuration list for PBXProject "HashCode2017" */;
			compatibilityVersion = "Xcode 3.2";
			developmentRegion = English;
			hasScannedForEncodings = 0;
			knownRegions = (
				en,
			);
			mainGroup = 25A0FFAB1E4940F400195591;
			productRefGroup = 25A0FFB51E4940F500195591 /* Products */;
			projectDirPath = "";
			projectRoot = "";
			targets = (
				25A0FFB31E4940F400195591 /* HashCode2017 */,
			);
		};
/* End PBXProject section */

/* Begin PBXSourcesBuildPhase section */
		25A0FFB01E4940F400195591 /* Sources */ = {
			isa = PBXSourcesBuildPhase;
			buildActionMask = 2147483647;
			files = (
				0E3B3C181E5F6900008471E4 /* qian.cpp in Sources */,
				25A0FFB81E4940F500195591 /* main.cpp in Sources */,
			);
			runOnlyForDeploymentPostprocessing = 0;
		};
/* End PBXSourcesBuildPhase section */

/* Begin XCBuildConfiguration section */
		25A0FFB91E4940F500195591 /* Debug */ = {
			isa = XCBuildConfiguration;
			buildSettings = {
				ALWAYS_SEARCH_USER_PATHS = NO;
				CLANG_ANALYZER_NONNULL = YES;
				CLANG_CXX_LANGUAGE_STANDARD = "gnu++0x";
				CLANG_CXX_LIBRARY = "libc++";
				CLANG_ENABLE_MODULES = YES;
				CLANG_ENABLE_OBJC_ARC = YES;
				CLANG_WARN_BOOL_CONVERSION = YES;
				CLANG_WARN_CONSTANT_CONVERSION = YES;
				CLANG_WARN_DIRECT_OBJC_ISA_USAGE = YES_ERROR;
				CLANG_WARN_EMPTY_BODY = YES;
				CLANG_WARN_ENUM_CONVERSION = YES;
				CLANG_WARN_INT_CONVERSION = YES;
				CLANG_WARN_OBJC_ROOT_CLASS = YES_ERROR;
				CLANG_WARN_UNREACHABLE_CODE = YES;
				CLANG_WARN__DUPLICATE_METHOD_MATCH = YES;
				CODE_SIGN_IDENTITY = "-";
				COPY_PHASE_STRIP = NO;
				DEBUG_INFORMATION_FORMAT = dwarf;
				ENABLE_STRICT_OBJC_MSGSEND = YES;
				ENABLE_TESTABILITY = YES;
				GCC_C_LANGUAGE_STANDARD = gnu99;
				GCC_DYNAMIC_NO_PIC = NO;
				GCC_NO_COMMON_BLOCKS = YES;
				GCC_OPTIMIZATION_LEVEL = 0;
				GCC_PREPROCESSOR_DEFINITIONS = (
					"DEBUG=1",
					"$(inherited)",
				);
				GCC_WARN_64_TO_32_BIT_CONVERSION = YES;
				GCC_WARN_ABOUT_RETURN_TYPE = YES_ERROR;
				GCC_WARN_UNDECLARED_SELECTOR = YES;
				GCC_WARN_UNINITIALIZED_AUTOS = YES_AGGRESSIVE;
				GCC_WARN_UNUSED_FUNCTION = YES;
				GCC_WARN_UNUSED_VARIABLE = YES;
				MACOSX_DEPLOYMENT_TARGET = 10.11;
				MTL_ENABLE_DEBUG_INFO = YES;
				ONLY_ACTIVE_ARCH = YES;
				SDKROOT = macosx;
			};
			name = Debug;
		};
		25A0FFBA1E4940F500195591 /* Release */ = {
			isa = XCBuildConfiguration;
			buildSettings = {
				ALWAYS_SEARCH_USER_PATHS = NO;
				CLANG_ANALYZER_NONNULL = YES;
				CLANG_CXX_LANGUAGE_STANDARD = "gnu++0x";
				CLANG_CXX_LIBRARY = "libc++";
				CLANG_ENABLE_MODULES = YES;
				CLANG_ENABLE_OBJC_ARC = YES;
				CLANG_WARN_BOOL_CONVERSION = YES;
				CLANG_WARN_CONSTANT_CONVERSION = YES;
				CLANG_WARN_DIRECT_OBJC_ISA_USAGE = YES_ERROR;
				CLANG_WARN_EMPTY_BODY = YES;
				CLANG_WARN_ENUM_CONVERSION = YES;
				CLANG_WARN_INT_CONVERSION = YES;
				CLANG_WARN_OBJC_ROOT_CLASS = YES_ERROR;
				CLANG_WARN_UNREACHABLE_CODE = YES;
				CLANG_WARN__DUPLICATE_METHOD_MATCH = YES;
				CODE_SIGN_IDENTITY = "-";
				COPY_PHASE_STRIP = NO;
				DEBUG_INFORMATION_FORMAT = "dwarf-with-dsym";
				ENABLE_NS_ASSERTIONS = NO;
				ENABLE_STRICT_OBJC_MSGSEND = YES;
				GCC_C_LANGUAGE_STANDARD = gnu99;
				GCC_NO_COMMON_BLOCKS = YES;
				GCC_WARN_64_TO_32_BIT_CONVERSION = YES;
				GCC_WARN_ABOUT_RETURN_TYPE = YES_ERROR;
				GCC_WARN_UNDECLARED_SELECTOR = YES;
				GCC_WARN_UNINITIALIZED_AUTOS = YES_AGGRESSIVE;
				GCC_WARN_UNUSED_FUNCTION = YES;
				GCC_WARN_UNUSED_VARIABLE = YES;
				MACOSX_DEPLOYMENT_TARGET = 10.11;
				MTL_ENABLE_DEBUG_INFO = NO;
				SDKROOT = macosx;
			};
			name = Release;
		};
		25A0FFBC1E4940F500195591 /* Debug */ = {
			isa = XCBuildConfiguration;
			buildSettings = {
				PRODUCT_NAME = "$(TARGET_NAME)";
			};
			name = Debug;
		};
		25A0FFBD1E4940F500195591 /* Release */ = {
			isa = XCBuildConfiguration;
			buildSettings = {
				PRODUCT_NAME = "$(TARGET_NAME)";
			};
			name = Release;
		};
/* End XCBuildConfiguration section */

/* Begin XCConfigurationList section */
		25A0FFAF1E4940F400195591 /* Build configuration list for PBXProject "HashCode2017" */ = {
			isa = XCConfigurationList;
			buildConfigurations = (
				25A0FFB91E4940F500195591 /* Debug */,
				25A0FFBA1E4940F500195591 /* Release */,
			);
			defaultConfigurationIsVisible = 0;
			defaultConfigurationName = Release;
		};
		25A0FFBB1E4940F500195591 /* Build configuration list for PBXNativeTarget "HashCode2017" */ = {
			isa = XCConfigurationList;
			buildConfigurations = (
				25A0FFBC1E4940F500195591 /* Debug */,
				25A0FFBD1E4940F500195591 /* Release */,
			);
			defaultConfigurationIsVisible = 0;
			defaultConfigurationName = Release;
		};
/* End XCConfigurationList section */
	};
	rootObject = 25A0FFAC1E4940F400195591 /* Project object */;
}
